// !$*UTF8*$!
{
	archiveVersion = 1;
	classes = {
	};
	objectVersion = 46;
	objects = {

/* Begin PBXGroup section */
		28C5E2901E6438ED00ADE6AE = {
			isa = PBXGroup;
			children = (
			);
			sourceTree = "<group>";
		};
/* End PBXGroup section */

/* Begin PBXProject section */
		28C5E2911E6438ED00ADE6AE /* Project object */ = {
			isa = PBXProject;
			attributes = {
				LastUpgradeCheck = 0820;
			};
			buildConfigurationList = 28C5E2941E6438ED00ADE6AE /* Build configuration list for PBXProject "webhoseio" */;
			compatibilityVersion = "Xcode 3.2";
			developmentRegion = English;
			hasScannedForEncodings = 0;
			knownRegions = (
				en,
			);
			mainGroup = 28C5E2901E6438ED00ADE6AE;
			projectDirPath = "";
			projectRoot = "";
			targets = (
			);
		};
/* End PBXProject section */

/* Begin XCBuildConfiguration section */
		28C5E2951E6438ED00ADE6AE /* Debug */ = {
			isa = XCBuildConfiguration;
			buildSettings = {
			};
			name = Debug;
		};
		28C5E2961E6438ED00ADE6AE /* Release */ = {
			isa = XCBuildConfiguration;
			buildSettings = {
			};
			name = Release;
		};
/* End XCBuildConfiguration section */

/* Begin XCConfigurationList section */
		28C5E2941E6438ED00ADE6AE /* Build configuration list for PBXProject "webhoseio" */ = {
			isa = XCConfigurationList;
			buildConfigurations = (
				28C5E2951E6438ED00ADE6AE /* Debug */,
				28C5E2961E6438ED00ADE6AE /* Release */,
			);
			defaultConfigurationIsVisible = 0;
			defaultConfigurationName = Release;
		};
/* End XCConfigurationList section */
	};
	rootObject = 28C5E2911E6438ED00ADE6AE /* Project object */;
}
